
Microsoft Visual Studio Solution File, Format Version 12.00
# Visual Studio Version 17
VisualStudioVersion = 17.10.34928.147
MinimumVisualStudioVersion = 10.0.40219.1
Project("{FAE04EC0-301F-11D3-BF4B-00C04F79EFBC}") = "PhotoExif", "PhotoExif\PhotoExif.csproj", "{A6FE8E6C-DA3C-4EF3-AA1D-85539D74F30B}"
EndProject
Global
	GlobalSection(SolutionConfigurationPlatforms) = preSolution
		Debug|Any CPU = Debug|Any CPU
		Release|Any CPU = Release|Any CPU
	EndGlobalSection
	GlobalSection(ProjectConfigurationPlatforms) = postSolution
		{A6FE8E6C-DA3C-4EF3-AA1D-85539D74F30B}.Debug|Any CPU.ActiveCfg = Debug|Any CPU
		{A6FE8E6C-DA3C-4EF3-AA1D-85539D74F30B}.Debug|Any CPU.Build.0 = Debug|Any CPU
		{A6FE8E6C-DA3C-4EF3-AA1D-85539D74F30B}.Release|Any CPU.ActiveCfg = Release|Any CPU
		{A6FE8E6C-DA3C-4EF3-AA1D-85539D74F30B}.Release|Any CPU.Build.0 = Release|Any CPU
	EndGlobalSection
	GlobalSection(SolutionProperties) = preSolution
		HideSolutionNode = FALSE
	EndGlobalSection
	GlobalSection(ExtensibilityGlobals) = postSolution
		SolutionGuid = {8DF34D3D-926C-4393-A275-A3A705A20391}
	EndGlobalSection
EndGlobal
